
Microsoft Visual Studio Solution File, Format Version 12.00
# Visual Studio Version 17
VisualStudioVersion = 17.7.34031.279
MinimumVisualStudioVersion = 10.0.40219.1
Project("{FAE04EC0-301F-11D3-BF4B-00C04F79EFBC}") = "Module15", "Module15\Module15.csproj", "{0C7775A8-D193-4889-A2DE-B69475E9E6D9}"
EndProject
Global
	GlobalSection(SolutionConfigurationPlatforms) = preSolution
		Debug|Any CPU = Debug|Any CPU
		Release|Any CPU = Release|Any CPU
	EndGlobalSection
	GlobalSection(ProjectConfigurationPlatforms) = postSolution
		{0C7775A8-D193-4889-A2DE-B69475E9E6D9}.Debug|Any CPU.ActiveCfg = Debug|Any CPU
		{0C7775A8-D193-4889-A2DE-B69475E9E6D9}.Debug|Any CPU.Build.0 = Debug|Any CPU
		{0C7775A8-D193-4889-A2DE-B69475E9E6D9}.Release|Any CPU.ActiveCfg = Release|Any CPU
		{0C7775A8-D193-4889-A2DE-B69475E9E6D9}.Release|Any CPU.Build.0 = Release|Any CPU
	EndGlobalSection
	GlobalSection(SolutionProperties) = preSolution
		HideSolutionNode = FALSE
	EndGlobalSection
	GlobalSection(ExtensibilityGlobals) = postSolution
		SolutionGuid = {79AFF366-17EA-444D-9DB6-C6EA9D11F9F2}
	EndGlobalSection
EndGlobal
